
Microsoft Visual Studio Solution File, Format Version 12.00
# Visual Studio Version 17
VisualStudioVersion = 17.4.33403.182
MinimumVisualStudioVersion = 10.0.40219.1
Project("{9A19103F-16F7-4668-BE54-9A1E7A4F7556}") = "ConsoleApp1", "ConsoleApp1\ConsoleApp1.csproj", "{F1700B58-85DB-4011-9E49-FAED3A322E98}"
EndProject
Global
	GlobalSection(SolutionConfigurationPlatforms) = preSolution
		Debug|Any CPU = Debug|Any CPU
		Release|Any CPU = Release|Any CPU
	EndGlobalSection
	GlobalSection(ProjectConfigurationPlatforms) = postSolution
		{F1700B58-85DB-4011-9E49-FAED3A322E98}.Debug|Any CPU.ActiveCfg = Debug|Any CPU
		{F1700B58-85DB-4011-9E49-FAED3A322E98}.Debug|Any CPU.Build.0 = Debug|Any CPU
		{F1700B58-85DB-4011-9E49-FAED3A322E98}.Release|Any CPU.ActiveCfg = Release|Any CPU
		{F1700B58-85DB-4011-9E49-FAED3A322E98}.Release|Any CPU.Build.0 = Release|Any CPU
	EndGlobalSection
	GlobalSection(SolutionProperties) = preSolution
		HideSolutionNode = FALSE
	EndGlobalSection
	GlobalSection(ExtensibilityGlobals) = postSolution
		SolutionGuid = {F0865225-4501-426F-BE45-102708F62756}
	EndGlobalSection
EndGlobal
